
Microsoft Visual Studio Solution File, Format Version 12.00
# Visual Studio Version 17
VisualStudioVersion = 17.3.32901.215
MinimumVisualStudioVersion = 10.0.40219.1
Project("{9A19103F-16F7-4668-BE54-9A1E7A4F7556}") = "MB02-A2", "MB02-A1\MB02-A2.csproj", "{A7C24845-9C76-4D42-948E-962ED4F13404}"
EndProject
Project("{FAE04EC0-301F-11D3-BF4B-00C04F79EFBC}") = "MB02-A3-A4", "MB02-A3\MB02-A3-A4.csproj", "{300DE1ED-D130-4CC9-893C-054A9971E29F}"
EndProject
Global
	GlobalSection(SolutionConfigurationPlatforms) = preSolution
		Debug|Any CPU = Debug|Any CPU
		Release|Any CPU = Release|Any CPU
	EndGlobalSection
	GlobalSection(ProjectConfigurationPlatforms) = postSolution
		{A7C24845-9C76-4D42-948E-962ED4F13404}.Debug|Any CPU.ActiveCfg = Debug|Any CPU
		{A7C24845-9C76-4D42-948E-962ED4F13404}.Debug|Any CPU.Build.0 = Debug|Any CPU
		{A7C24845-9C76-4D42-948E-962ED4F13404}.Release|Any CPU.ActiveCfg = Release|Any CPU
		{A7C24845-9C76-4D42-948E-962ED4F13404}.Release|Any CPU.Build.0 = Release|Any CPU
		{300DE1ED-D130-4CC9-893C-054A9971E29F}.Debug|Any CPU.ActiveCfg = Debug|Any CPU
		{300DE1ED-D130-4CC9-893C-054A9971E29F}.Debug|Any CPU.Build.0 = Debug|Any CPU
		{300DE1ED-D130-4CC9-893C-054A9971E29F}.Release|Any CPU.ActiveCfg = Release|Any CPU
		{300DE1ED-D130-4CC9-893C-054A9971E29F}.Release|Any CPU.Build.0 = Release|Any CPU
	EndGlobalSection
	GlobalSection(SolutionProperties) = preSolution
		HideSolutionNode = FALSE
	EndGlobalSection
	GlobalSection(ExtensibilityGlobals) = postSolution
		SolutionGuid = {C41E2E4F-D4EF-4369-8F9A-E2E9F19FCD83}
	EndGlobalSection
EndGlobal
