
Microsoft Visual Studio Solution File, Format Version 12.00
# Visual Studio Version 17
VisualStudioVersion = 17.3.32811.315
MinimumVisualStudioVersion = 10.0.40219.1
Project("{FAE04EC0-301F-11D3-BF4B-00C04F79EFBC}") = "Figures", "Figures\Figures.csproj", "{FC4B41F9-28C8-4FAB-BC9E-78CDC3799089}"
EndProject
Global
	GlobalSection(SolutionConfigurationPlatforms) = preSolution
		Debug|Any CPU = Debug|Any CPU
		Release|Any CPU = Release|Any CPU
	EndGlobalSection
	GlobalSection(ProjectConfigurationPlatforms) = postSolution
		{FC4B41F9-28C8-4FAB-BC9E-78CDC3799089}.Debug|Any CPU.ActiveCfg = Debug|Any CPU
		{FC4B41F9-28C8-4FAB-BC9E-78CDC3799089}.Debug|Any CPU.Build.0 = Debug|Any CPU
		{FC4B41F9-28C8-4FAB-BC9E-78CDC3799089}.Release|Any CPU.ActiveCfg = Release|Any CPU
		{FC4B41F9-28C8-4FAB-BC9E-78CDC3799089}.Release|Any CPU.Build.0 = Release|Any CPU
	EndGlobalSection
	GlobalSection(SolutionProperties) = preSolution
		HideSolutionNode = FALSE
	EndGlobalSection
	GlobalSection(ExtensibilityGlobals) = postSolution
		SolutionGuid = {45E840F5-3EF0-4799-B7C5-D56B07428E90}
	EndGlobalSection
EndGlobal
